<Solution>
  <Folder Name="/src/">
    <Project Path="src/CSharpLab.Core/CSharpLab.Core.csproj" />
    <Project Path="src/CSharpLab/CSharpLab.csproj" />
    <Project Path="src/CSharpLab.RuntimeHook/CSharpLab.RuntimeHook.csproj" />
  </Folder>
  <Folder Name="/tests/">
    <Project Path="tests/CSharpLab.App.Tests/CSharpLab.App.Tests.csproj" />
    <Project Path="tests/CSharpLab.Tests/CSharpLab.Tests.csproj" />
  </Folder>
</Solution>
